
Microsoft Visual Studio Solution File, Format Version 12.00
Project("{FAE04EC0-301F-11D3-BF4B-00C04F79EFBC}") = "XamarinForms.BLE", "XamarinForms.BLE\XamarinForms.BLE.csproj", "{6882732D-A7F6-4B3F-8030-F38AAF12A766}"
EndProject
Project("{FAE04EC0-301F-11D3-BF4B-00C04F79EFBC}") = "XamarinForms.BLE.Android", "XamarinForms.BLE.Android\XamarinForms.BLE.Android.csproj", "{91621667-65A3-46F3-AFA8-420329DD1C66}"
EndProject
Project("{FAE04EC0-301F-11D3-BF4B-00C04F79EFBC}") = "XamarinForms.BLE.iOS", "XamarinForms.BLE.iOS\XamarinForms.BLE.iOS.csproj", "{E2E50B74-7001-4F29-94D7-F46125E81A24}"
EndProject
Global
	GlobalSection(SolutionConfigurationPlatforms) = preSolution
		Ad-Hoc|iPhone = Ad-Hoc|iPhone
		AppStore|iPhone = AppStore|iPhone
		Debug|Any CPU = Debug|Any CPU
		Debug|iPhone = Debug|iPhone
		Debug|iPhoneSimulator = Debug|iPhoneSimulator
		Release|Any CPU = Release|Any CPU
		Release|iPhone = Release|iPhone
		Release|iPhoneSimulator = Release|iPhoneSimulator
	EndGlobalSection
	GlobalSection(ProjectConfigurationPlatforms) = postSolution
		{6882732D-A7F6-4B3F-8030-F38AAF12A766}.Ad-Hoc|iPhone.ActiveCfg = Debug|Any CPU
		{6882732D-A7F6-4B3F-8030-F38AAF12A766}.Ad-Hoc|iPhone.Build.0 = Debug|Any CPU
		{6882732D-A7F6-4B3F-8030-F38AAF12A766}.AppStore|iPhone.ActiveCfg = Debug|Any CPU
		{6882732D-A7F6-4B3F-8030-F38AAF12A766}.AppStore|iPhone.Build.0 = Debug|Any CPU
		{6882732D-A7F6-4B3F-8030-F38AAF12A766}.Debug|Any CPU.ActiveCfg = Debug|Any CPU
		{6882732D-A7F6-4B3F-8030-F38AAF12A766}.Debug|Any CPU.Build.0 = Debug|Any CPU
		{6882732D-A7F6-4B3F-8030-F38AAF12A766}.Debug|iPhone.ActiveCfg = Debug|Any CPU
		{6882732D-A7F6-4B3F-8030-F38AAF12A766}.Debug|iPhone.Build.0 = Debug|Any CPU
		{6882732D-A7F6-4B3F-8030-F38AAF12A766}.Debug|iPhoneSimulator.ActiveCfg = Debug|Any CPU
		{6882732D-A7F6-4B3F-8030-F38AAF12A766}.Debug|iPhoneSimulator.Build.0 = Debug|Any CPU
		{6882732D-A7F6-4B3F-8030-F38AAF12A766}.Release|Any CPU.ActiveCfg = Release|Any CPU
		{6882732D-A7F6-4B3F-8030-F38AAF12A766}.Release|Any CPU.Build.0 = Release|Any CPU
		{6882732D-A7F6-4B3F-8030-F38AAF12A766}.Release|iPhone.ActiveCfg = Release|Any CPU
		{6882732D-A7F6-4B3F-8030-F38AAF12A766}.Release|iPhone.Build.0 = Release|Any CPU
		{6882732D-A7F6-4B3F-8030-F38AAF12A766}.Release|iPhoneSimulator.ActiveCfg = Release|Any CPU
		{6882732D-A7F6-4B3F-8030-F38AAF12A766}.Release|iPhoneSimulator.Build.0 = Release|Any CPU
		{91621667-65A3-46F3-AFA8-420329DD1C66}.Ad-Hoc|iPhone.ActiveCfg = Debug|Any CPU
		{91621667-65A3-46F3-AFA8-420329DD1C66}.Ad-Hoc|iPhone.Build.0 = Debug|Any CPU
		{91621667-65A3-46F3-AFA8-420329DD1C66}.Ad-Hoc|iPhone.Deploy.0 = Debug|Any CPU
		{91621667-65A3-46F3-AFA8-420329DD1C66}.AppStore|iPhone.ActiveCfg = Debug|Any CPU
		{91621667-65A3-46F3-AFA8-420329DD1C66}.AppStore|iPhone.Build.0 = Debug|Any CPU
		{91621667-65A3-46F3-AFA8-420329DD1C66}.AppStore|iPhone.Deploy.0 = Debug|Any CPU
		{91621667-65A3-46F3-AFA8-420329DD1C66}.Debug|Any CPU.ActiveCfg = Debug|Any CPU
		{91621667-65A3-46F3-AFA8-420329DD1C66}.Debug|Any CPU.Build.0 = Debug|Any CPU
		{91621667-65A3-46F3-AFA8-420329DD1C66}.Debug|Any CPU.Deploy.0 = Debug|Any CPU
		{91621667-65A3-46F3-AFA8-420329DD1C66}.Debug|iPhone.ActiveCfg = Debug|Any CPU
		{91621667-65A3-46F3-AFA8-420329DD1C66}.Debug|iPhone.Build.0 = Debug|Any CPU
		{91621667-65A3-46F3-AFA8-420329DD1C66}.Debug|iPhone.Deploy.0 = Debug|Any CPU
		{91621667-65A3-46F3-AFA8-420329DD1C66}.Debug|iPhoneSimulator.ActiveCfg = Debug|Any CPU
		{91621667-65A3-46F3-AFA8-420329DD1C66}.Debug|iPhoneSimulator.Build.0 = Debug|Any CPU
		{91621667-65A3-46F3-AFA8-420329DD1C66}.Debug|iPhoneSimulator.Deploy.0 = Debug|Any CPU
		{91621667-65A3-46F3-AFA8-420329DD1C66}.Release|Any CPU.ActiveCfg = Release|Any CPU
		{91621667-65A3-46F3-AFA8-420329DD1C66}.Release|Any CPU.Build.0 = Release|Any CPU
		{91621667-65A3-46F3-AFA8-420329DD1C66}.Release|Any CPU.Deploy.0 = Release|Any CPU
		{91621667-65A3-46F3-AFA8-420329DD1C66}.Release|iPhone.ActiveCfg = Release|Any CPU
		{91621667-65A3-46F3-AFA8-420329DD1C66}.Release|iPhone.Build.0 = Release|Any CPU
		{91621667-65A3-46F3-AFA8-420329DD1C66}.Release|iPhone.Deploy.0 = Release|Any CPU
		{91621667-65A3-46F3-AFA8-420329DD1C66}.Release|iPhoneSimulator.ActiveCfg = Release|Any CPU
		{91621667-65A3-46F3-AFA8-420329DD1C66}.Release|iPhoneSimulator.Build.0 = Release|Any CPU
		{91621667-65A3-46F3-AFA8-420329DD1C66}.Release|iPhoneSimulator.Deploy.0 = Release|Any CPU
		{E2E50B74-7001-4F29-94D7-F46125E81A24}.Ad-Hoc|iPhone.ActiveCfg = Ad-Hoc|iPhone
		{E2E50B74-7001-4F29-94D7-F46125E81A24}.Ad-Hoc|iPhone.Build.0 = Ad-Hoc|iPhone
		{E2E50B74-7001-4F29-94D7-F46125E81A24}.Ad-Hoc|iPhone.Deploy.0 = Ad-Hoc|iPhone
		{E2E50B74-7001-4F29-94D7-F46125E81A24}.AppStore|iPhone.ActiveCfg = AppStore|iPhone
		{E2E50B74-7001-4F29-94D7-F46125E81A24}.AppStore|iPhone.Build.0 = AppStore|iPhone
		{E2E50B74-7001-4F29-94D7-F46125E81A24}.AppStore|iPhone.Deploy.0 = AppStore|iPhone
		{E2E50B74-7001-4F29-94D7-F46125E81A24}.Debug|Any CPU.ActiveCfg = Debug|iPhoneSimulator
		{E2E50B74-7001-4F29-94D7-F46125E81A24}.Debug|Any CPU.Build.0 = Debug|iPhoneSimulator
		{E2E50B74-7001-4F29-94D7-F46125E81A24}.Debug|Any CPU.Deploy.0 = Debug|iPhoneSimulator
		{E2E50B74-7001-4F29-94D7-F46125E81A24}.Debug|iPhone.ActiveCfg = Debug|iPhone
		{E2E50B74-7001-4F29-94D7-F46125E81A24}.Debug|iPhone.Build.0 = Debug|iPhone
		{E2E50B74-7001-4F29-94D7-F46125E81A24}.Debug|iPhone.Deploy.0 = Debug|iPhone
		{E2E50B74-7001-4F29-94D7-F46125E81A24}.Debug|iPhoneSimulator.ActiveCfg = Debug|iPhoneSimulator
		{E2E50B74-7001-4F29-94D7-F46125E81A24}.Debug|iPhoneSimulator.Build.0 = Debug|iPhoneSimulator
		{E2E50B74-7001-4F29-94D7-F46125E81A24}.Debug|iPhoneSimulator.Deploy.0 = Debug|iPhoneSimulator
		{E2E50B74-7001-4F29-94D7-F46125E81A24}.Release|Any CPU.ActiveCfg = Release|iPhoneSimulator
		{E2E50B74-7001-4F29-94D7-F46125E81A24}.Release|Any CPU.Build.0 = Release|iPhoneSimulator
		{E2E50B74-7001-4F29-94D7-F46125E81A24}.Release|Any CPU.Deploy.0 = Release|iPhoneSimulator
		{E2E50B74-7001-4F29-94D7-F46125E81A24}.Release|iPhone.ActiveCfg = Release|iPhone
		{E2E50B74-7001-4F29-94D7-F46125E81A24}.Release|iPhone.Build.0 = Release|iPhone
		{E2E50B74-7001-4F29-94D7-F46125E81A24}.Release|iPhone.Deploy.0 = Release|iPhone
		{E2E50B74-7001-4F29-94D7-F46125E81A24}.Release|iPhoneSimulator.ActiveCfg = Release|iPhoneSimulator
		{E2E50B74-7001-4F29-94D7-F46125E81A24}.Release|iPhoneSimulator.Build.0 = Release|iPhoneSimulator
		{E2E50B74-7001-4F29-94D7-F46125E81A24}.Release|iPhoneSimulator.Deploy.0 = Release|iPhoneSimulator
	EndGlobalSection
EndGlobal
